<?xml version="1.0" encoding="utf-8"?>
<Project ToolsVersion="4.0" xmlns="http://schemas.microsoft.com/developer/msbuild/2003">
  <ItemGroup>
    <Filter Include="Source Files">
      <UniqueIdentifier>{4FC737F1-C7A5-4376-A066-2A32D752A2FF}</UniqueIdentifier>
      <Extensions>cpp;c;cc;cxx;c++;cppm;ixx;def;odl;idl;hpj;bat;asm;asmx</Extensions>
    </Filter>
    <Filter Include="Header Files">
      <UniqueIdentifier>{93995380-89BD-4b04-88EB-625FBE52EBFB}</UniqueIdentifier>
      <Extensions>h;hh;hpp;hxx;h++;hm;inl;inc;ipp;xsd</Extensions>
    </Filter>
    <Filter Include="Resource Files">
      <UniqueIdentifier>{67DA6AB6-F800-4c08-8B7A-83BB121AAD01}</UniqueIdentifier>
      <Extensions>rc;ico;cur;bmp;dlg;rc2;rct;bin;rgs;gif;jpg;jpeg;jpe;resx;tiff;tif;png;wav;mfcribbon-ms</Extensions>
    </Filter>
    <Filter Include="Source Files\imgui">
      <UniqueIdentifier>{7a80e7e7-0fe1-48c1-800e-7ae85c69d5c8}</UniqueIdentifier>
    </Filter>
    <Filter Include="Header Files\imgui">
      <UniqueIdentifier>{48e5ad9e-2275-4ef5-997d-4a1ac19e7062}</UniqueIdentifier>
    </Filter>
    <Filter Include="Resource Files\shaders">
      <UniqueIdentifier>{1d314313-5486-4bef-b32d-75d43aae0626}</UniqueIdentifier>
    </Filter>
  </ItemGroup>
  <ItemGroup>
    <ClCompile Include="main.cpp">
      <Filter>Source Files</Filter>
    </ClCompile>
    <ClCompile Include="src\audio\audio_engine.cpp">
      <Filter>Source Files</Filter>
    </ClCompile>
    <ClCompile Include="src\rendering\camera\camera.cpp">
      <Filter>Source Files</Filter>
    </ClCompile>
    <ClCompile Include="src\simulation\cell\cell_manager.cpp">
      <Filter>Source Files</Filter>
    </ClCompile>
    <ClCompile Include="src\rendering\systems\frustum_culling.cpp">
      <Filter>Source Files</Filter>
    </ClCompile>
    <ClCompile Include="third_party\glad.c">
      <Filter>Source Files</Filter>
    </ClCompile>
    <ClCompile Include="src\rendering\core\glad_helpers.cpp">
      <Filter>Source Files</Filter>
    </ClCompile>
    <ClCompile Include="src\rendering\core\glfw_helpers.cpp">
      <Filter>Source Files</Filter>
    </ClCompile>
    <ClCompile Include="src\audio\synthesizer.cpp">
      <Filter>Source Files</Filter>
    </ClCompile>
    <ClCompile Include="src\utils\timer.cpp">
      <Filter>Source Files</Filter>
    </ClCompile>
    <ClCompile Include="src\ui\ui_manager.cpp">
      <Filter>Source Files</Filter>
    </ClCompile>
    <ClCompile Include="src\input\input.cpp">
      <Filter>Source Files</Filter>
    </ClCompile>
    <ClCompile Include="src\rendering\core\shader_class.cpp">
      <Filter>Source Files</Filter>
    </ClCompile>
    <ClCompile Include="src\rendering\core\mesh\sphere_mesh.cpp">
      <Filter>Source Files</Filter>
    </ClCompile>
    <ClCompile Include="third_party\imgui\imgui_widgets.cpp">
      <Filter>Source Files\imgui</Filter>
    </ClCompile>
    <ClCompile Include="third_party\imgui\imgui.cpp">
      <Filter>Source Files\imgui</Filter>
    </ClCompile>
    <ClCompile Include="third_party\imgui\imgui_demo.cpp">
      <Filter>Source Files\imgui</Filter>
    </ClCompile>
    <ClCompile Include="third_party\imgui\imgui_draw.cpp">
      <Filter>Source Files\imgui</Filter>
    </ClCompile>
    <ClCompile Include="src\ui\imgui_helpers.cpp">
      <Filter>Source Files\imgui</Filter>
    </ClCompile>
    <ClCompile Include="third_party\imgui\imgui_impl_glfw.cpp">
      <Filter>Source Files\imgui</Filter>
    </ClCompile>
    <ClCompile Include="third_party\imgui\imgui_impl_opengl3.cpp">
      <Filter>Source Files\imgui</Filter>
    </ClCompile>
    <ClCompile Include="third_party\imgui\imgui_tables.cpp">
      <Filter>Source Files\imgui</Filter>
    </ClCompile>
    <ClCompile Include="src\simulation\cell\spatial_grid.cpp">
      <Filter>Source Files</Filter>
    </ClCompile>
    <ClCompile Include="src\simulation\cell\adhesion_manager.cpp">
      <Filter>Source Files</Filter>
    </ClCompile>
    <ClCompile Include="src\simulation\cell\culling_system.cpp">
      <Filter>Source Files</Filter>
    </ClCompile>
    <ClCompile Include="src\simulation\cell\lod_manager.cpp">
      <Filter>Source Files</Filter>
    </ClCompile>
    <ClCompile Include="src\simulation\cell\gizmos.cpp">
      <Filter>Source Files</Filter>
    </ClCompile>
    <ClCompile Include="src\simulation\cell\cell_selection.cpp">
      <Filter>Source Files</Filter>
    </ClCompile>
    <ClCompile Include="src\ui\ui_performance_monitor.cpp">
      <Filter>Source Files</Filter>
    </ClCompile>
    <ClCompile Include="src\ui\ui_camera_controls.cpp">
      <Filter>Source Files</Filter>
    </ClCompile>
    <ClCompile Include="src\ui\ui_genome_editor.cpp">
      <Filter>Source Files</Filter>
    </ClCompile>
    <ClCompile Include="src\ui\ui_genome_debounce.cpp">
      <Filter>Source Files</Filter>
    </ClCompile>
    <ClCompile Include="src\ui\ui_time_scrubber.cpp">
      <Filter>Source Files</Filter>
    </ClCompile>
    <ClCompile Include="src\ui\ui_scene_switcher.cpp">
      <Filter>Source Files</Filter>
    </ClCompile>
    <ClCompile Include="src\ui\ui_keyframe_manager.cpp">
      <Filter>Source Files</Filter>
    </ClCompile>
  </ItemGroup>
  <ItemGroup>
    <ClInclude Include="src\audio\audio_engine.h">
      <Filter>Header Files</Filter>
    </ClInclude>
    <ClInclude Include="src\rendering\camera\camera.h">
      <Filter>Header Files</Filter>
    </ClInclude>
    <ClInclude Include="src\simulation\cell\cell_manager.h">
      <Filter>Header Files</Filter>
    </ClInclude>
    <ClInclude Include="src\core\config.h">
      <Filter>Header Files</Filter>
    </ClInclude>
    <ClInclude Include="src\rendering\systems\frustum_culling.h">
      <Filter>Header Files</Filter>
    </ClInclude>
    <ClInclude Include="src\simulation\cell\common_structs.h">
      <Filter>Header Files</Filter>
    </ClInclude>
    <ClInclude Include="src\rendering\core\glad_helpers.h">
      <Filter>Header Files</Filter>
    </ClInclude>
    <ClInclude Include="src\rendering\core\glfw_helpers.h">
      <Filter>Header Files</Filter>
    </ClInclude>
    <ClInclude Include="src\scene\scene_manager.h">
      <Filter>Header Files</Filter>
    </ClInclude>
    <ClInclude Include="src\audio\synthesizer.h">
      <Filter>Header Files</Filter>
    </ClInclude>
    <ClInclude Include="src\utils\timer.h">
      <Filter>Header Files</Filter>
    </ClInclude>
    <ClInclude Include="src\ui\ui_manager.h">
      <Filter>Header Files</Filter>
    </ClInclude>
    <ClInclude Include="src\input\input.h">
      <Filter>Header Files</Filter>
    </ClInclude>
    <ClInclude Include="third_party\include\glad\glad.h">
      <Filter>Header Files</Filter>
    </ClInclude>
    <ClInclude Include="src\core\resource.h">
      <Filter>Header Files</Filter>
    </ClInclude>
    <ClInclude Include="src\rendering\core\shader_class.h">
      <Filter>Header Files</Filter>
    </ClInclude>
    <ClInclude Include="src\rendering\core\mesh\sphere_mesh.h">
      <Filter>Header Files</Filter>
    </ClInclude>
    <ClInclude Include="third_party\imgui\imgui.h">
      <Filter>Header Files\imgui</Filter>
    </ClInclude>
    <ClInclude Include="third_party\imgui\imstb_truetype.h">
      <Filter>Header Files\imgui</Filter>
    </ClInclude>
    <ClInclude Include="src\ui\imgui_helpers.h">
      <Filter>Header Files\imgui</Filter>
    </ClInclude>
    <ClInclude Include="third_party\imgui\imgui_impl_glfw.h">
      <Filter>Header Files\imgui</Filter>
    </ClInclude>
    <ClInclude Include="third_party\imgui\imgui_impl_opengl3.h">
      <Filter>Header Files\imgui</Filter>
    </ClInclude>
    <ClInclude Include="third_party\imgui\imgui_impl_opengl3_loader.h">
      <Filter>Header Files\imgui</Filter>
    </ClInclude>
    <ClInclude Include="third_party\imgui\imgui_internal.h">
      <Filter>Header Files\imgui</Filter>
    </ClInclude>
    <ClInclude Include="third_party\imgui\imstb_rectpack.h">
      <Filter>Header Files\imgui</Filter>
    </ClInclude>
    <ClInclude Include="third_party\imgui\imstb_textedit.h">
      <Filter>Header Files\imgui</Filter>
    </ClInclude>
    <ClInclude Include="third_party\imgui\imconfig.h">
      <Filter>Header Files\imgui</Filter>
    </ClInclude>
    <ClInclude Include="src\simulation\cell\cell_selection.h">
      <Filter>Header Files</Filter>
    </ClInclude>
  </ItemGroup>
  <ItemGroup>
    <None Include="shaders\rendering\debug\adhesion_line.frag">
      <Filter>Resource Files\shaders</Filter>
    </None>
    <None Include="shaders\rendering\debug\adhesion_line.vert">
      <Filter>Resource Files\shaders</Filter>
    </None>
    <None Include="shaders\rendering\debug\adhesion_line_extract.comp">
      <Filter>Resource Files\shaders</Filter>
    </None>
    <None Include="shaders\cell\management\apply_additions.comp">
      <Filter>Resource Files\shaders</Filter>
    </None>
    <None Include="shaders\cell\physics\cell_physics_spatial.comp">
      <Filter>Resource Files\shaders</Filter>
    </None>
    <None Include="shaders\cell\physics\cell_update.comp">
      <Filter>Resource Files\shaders</Filter>
    </None>
    <None Include="shaders\cell\physics\cell_update_internal.comp">
      <Filter>Resource Files\shaders</Filter>
    </None>
    <None Include="shaders\cell\management\extract_instances.comp">
      <Filter>Resource Files\shaders</Filter>
    </None>
    <None Include="shaders\rendering\culling\frustum_cull.comp">
      <Filter>Resource Files\shaders</Filter>
    </None>
    <None Include="shaders\rendering\culling\frustum_cull_lod.comp">
      <Filter>Resource Files\shaders</Filter>
    </None>
    <None Include="shaders\rendering\debug\gizmo.frag">
      <Filter>Resource Files\shaders</Filter>
    </None>
    <None Include="shaders\rendering\debug\gizmo.vert">
      <Filter>Resource Files\shaders</Filter>
    </None>
    <None Include="shaders\rendering\debug\gizmo_extract.comp">
      <Filter>Resource Files\shaders</Filter>
    </None>
    <None Include="shaders\spatial\grid_assign.comp">
      <Filter>Resource Files\shaders</Filter>
    </None>
    <None Include="shaders\spatial\grid_clear.comp">
      <Filter>Resource Files\shaders</Filter>
    </None>
    <None Include="shaders\spatial\grid_insert.comp">
      <Filter>Resource Files\shaders</Filter>
    </None>
    <None Include="shaders\spatial\grid_prefix_sum.comp">
      <Filter>Resource Files\shaders</Filter>
    </None>
    <None Include="shaders\rendering\debug\ring_gizmo.frag">
      <Filter>Resource Files\shaders</Filter>
    </None>
    <None Include="shaders\rendering\debug\ring_gizmo.vert">
      <Filter>Resource Files\shaders</Filter>
    </None>
    <None Include="shaders\rendering\debug\ring_gizmo_extract.comp">
      <Filter>Resource Files\shaders</Filter>
    </None>
    <None Include="shaders\rendering\sphere\sphere.frag">
      <Filter>Resource Files\shaders</Filter>
    </None>
    <None Include="shaders\rendering\sphere\sphere.vert">
      <Filter>Resource Files\shaders</Filter>
    </None>
    <None Include="shaders\rendering\sphere\sphere_lod.comp">
      <Filter>Resource Files\shaders</Filter>
    </None>
    <None Include="shaders\rendering\sphere\sphere_lod.frag">
      <Filter>Resource Files\shaders</Filter>
    </None>
    <None Include="shaders\rendering\sphere\sphere_lod.vert">
      <Filter>Resource Files\shaders</Filter>
    </None>
    <None Include="shaders\cell\physics\adhesion_physics.comp">
      <Filter>Resource Files\shaders</Filter>
    </None>
    <None Include="shaders\rendering\sphere\sphere_distance_fade.frag">
      <Filter>Resource Files\shaders</Filter>
    </None>
    <None Include="shaders\rendering\sphere\sphere_distance_fade.vert">
      <Filter>Resource Files\shaders</Filter>
    </None>
    <None Include="shaders\rendering\culling\unified_cull.comp">
      <Filter>Resource Files\shaders</Filter>
    </None>
    <None Include="shaders\rendering\debug\anchor_gizmo.frag" />
    <None Include="shaders\rendering\debug\anchor_gizmo.vert" />
    <None Include="shaders\rendering\debug\anchor_gizmo_extract.comp" />
    <None Include="shaders\cell\physics\cell_velocity_update.comp" />
    <None Include="shaders\cell\physics\cell_position_update.comp" />
    <None Include="shaders\shared_structs.glsl" />
    <None Include="tools\sync_structs.ps1">
      <Filter>Source Files</Filter>
    </None>
  </ItemGroup>
</Project>